
Microsoft Visual Studio Solution File, Format Version 12.00
# Visual Studio Version 16
VisualStudioVersion = 16.0.31320.298
MinimumVisualStudioVersion = 10.0.40219.1
Project("{FAE04EC0-301F-11D3-BF4B-00C04F79EFBC}") = "UserManagement.WebApi", "UserManagement.WebApi\UserManagement.WebApi.csproj", "{231BC3EF-14A5-4867-9E17-E98BF0924127}"
EndProject
Global
	GlobalSection(SolutionConfigurationPlatforms) = preSolution
		Debug|Any CPU = Debug|Any CPU
		Release|Any CPU = Release|Any CPU
	EndGlobalSection
	GlobalSection(ProjectConfigurationPlatforms) = postSolution
		{231BC3EF-14A5-4867-9E17-E98BF0924127}.Debug|Any CPU.ActiveCfg = Debug|Any CPU
		{231BC3EF-14A5-4867-9E17-E98BF0924127}.Debug|Any CPU.Build.0 = Debug|Any CPU
		{231BC3EF-14A5-4867-9E17-E98BF0924127}.Release|Any CPU.ActiveCfg = Release|Any CPU
		{231BC3EF-14A5-4867-9E17-E98BF0924127}.Release|Any CPU.Build.0 = Release|Any CPU
	EndGlobalSection
	GlobalSection(SolutionProperties) = preSolution
		HideSolutionNode = FALSE
	EndGlobalSection
	GlobalSection(ExtensibilityGlobals) = postSolution
		SolutionGuid = {419C7931-E184-44B5-BD87-13B72BF371D8}
	EndGlobalSection
EndGlobal
